
Microsoft Visual Studio Solution File, Format Version 12.00
# Visual Studio Version 16
VisualStudioVersion = 16.0.30114.105
MinimumVisualStudioVersion = 10.0.40219.1
Project("{FAE04EC0-301F-11D3-BF4B-00C04F79EFBC}") = "ExamplesXUnitTests", "ExamplesXUnitTests\ExamplesXUnitTests.csproj", "{9A282787-3087-4145-BA93-CAA86E9AE40D}"
EndProject
Project("{FAE04EC0-301F-11D3-BF4B-00C04F79EFBC}") = "ExamplesXUnitTests.Tests", "ExamplesXUnitTests.Tests\ExamplesXUnitTests.Tests.csproj", "{7A634882-4075-4238-8D01-B42C653B7A7B}"
EndProject
Global
	GlobalSection(SolutionConfigurationPlatforms) = preSolution
		Debug|Any CPU = Debug|Any CPU
		Release|Any CPU = Release|Any CPU
	EndGlobalSection
	GlobalSection(SolutionProperties) = preSolution
		HideSolutionNode = FALSE
	EndGlobalSection
	GlobalSection(ProjectConfigurationPlatforms) = postSolution
		{9A282787-3087-4145-BA93-CAA86E9AE40D}.Debug|Any CPU.ActiveCfg = Debug|Any CPU
		{9A282787-3087-4145-BA93-CAA86E9AE40D}.Debug|Any CPU.Build.0 = Debug|Any CPU
		{9A282787-3087-4145-BA93-CAA86E9AE40D}.Release|Any CPU.ActiveCfg = Release|Any CPU
		{9A282787-3087-4145-BA93-CAA86E9AE40D}.Release|Any CPU.Build.0 = Release|Any CPU
		{7A634882-4075-4238-8D01-B42C653B7A7B}.Debug|Any CPU.ActiveCfg = Debug|Any CPU
		{7A634882-4075-4238-8D01-B42C653B7A7B}.Debug|Any CPU.Build.0 = Debug|Any CPU
		{7A634882-4075-4238-8D01-B42C653B7A7B}.Release|Any CPU.ActiveCfg = Release|Any CPU
		{7A634882-4075-4238-8D01-B42C653B7A7B}.Release|Any CPU.Build.0 = Release|Any CPU
	EndGlobalSection
EndGlobal
